
Microsoft Visual Studio Solution File, Format Version 12.00
# Visual Studio Version 17
VisualStudioVersion = 17.3.32901.215
MinimumVisualStudioVersion = 10.0.40219.1
Project("{9A19103F-16F7-4668-BE54-9A1E7A4F7556}") = "CqrsMadiatRExampel", "SqrsMadiateRExampel\CqrsMadiatRExampel.csproj", "{B2707C0D-097F-4B8D-8567-B6F4F6092FCE}"
EndProject
Global
	GlobalSection(SolutionConfigurationPlatforms) = preSolution
		Debug|Any CPU = Debug|Any CPU
		Release|Any CPU = Release|Any CPU
	EndGlobalSection
	GlobalSection(ProjectConfigurationPlatforms) = postSolution
		{B2707C0D-097F-4B8D-8567-B6F4F6092FCE}.Debug|Any CPU.ActiveCfg = Debug|Any CPU
		{B2707C0D-097F-4B8D-8567-B6F4F6092FCE}.Debug|Any CPU.Build.0 = Debug|Any CPU
		{B2707C0D-097F-4B8D-8567-B6F4F6092FCE}.Release|Any CPU.ActiveCfg = Release|Any CPU
		{B2707C0D-097F-4B8D-8567-B6F4F6092FCE}.Release|Any CPU.Build.0 = Release|Any CPU
	EndGlobalSection
	GlobalSection(SolutionProperties) = preSolution
		HideSolutionNode = FALSE
	EndGlobalSection
	GlobalSection(ExtensibilityGlobals) = postSolution
		SolutionGuid = {6EB3398D-A43B-47BE-A08C-55394FAD2628}
	EndGlobalSection
EndGlobal
